// !$*UTF8*$!
{
	archiveVersion = 1;
	classes = {
	};
	objectVersion = 55;
	objects = {

/* Begin PBXBuildFile section */
		872048F72856425B0034182A /* AppDelegate.swift in Sources */ = {isa = PBXBuildFile; fileRef = 872048F62856425B0034182A /* AppDelegate.swift */; };
		872048F92856425B0034182A /* SceneDelegate.swift in Sources */ = {isa = PBXBuildFile; fileRef = 872048F82856425B0034182A /* SceneDelegate.swift */; };
		872049002856425E0034182A /* Assets.xcassets in Resources */ = {isa = PBXBuildFile; fileRef = 872048FF2856425E0034182A /* Assets.xcassets */; };
		872049032856425E0034182A /* LaunchScreen.storyboard in Resources */ = {isa = PBXBuildFile; fileRef = 872049012856425E0034182A /* LaunchScreen.storyboard */; };
		8720490C285644860034182A /* ProfileTableHederView.swift in Sources */ = {isa = PBXBuildFile; fileRef = 8720490B285644860034182A /* ProfileTableHederView.swift */; };
		8720490E2856451B0034182A /* ProfileViewController.swift in Sources */ = {isa = PBXBuildFile; fileRef = 8720490D2856451B0034182A /* ProfileViewController.swift */; };
		877147AC2875EF1500644E93 /* PostTableViewCell.swift in Sources */ = {isa = PBXBuildFile; fileRef = 877147AB2875EF1500644E93 /* PostTableViewCell.swift */; };
		877147AE28762EFE00644E93 /* Post.swift in Sources */ = {isa = PBXBuildFile; fileRef = 877147AD28762EFE00644E93 /* Post.swift */; };
		877147B02877662000644E93 /* DataBase.swift in Sources */ = {isa = PBXBuildFile; fileRef = 877147AF2877662000644E93 /* DataBase.swift */; };
		87AF8125285DC48D0069056C /* PostViewController.swift in Sources */ = {isa = PBXBuildFile; fileRef = 87AF8124285DC48D0069056C /* PostViewController.swift */; };
		87CCDD74286762130057577D /* LogInViewController.swift in Sources */ = {isa = PBXBuildFile; fileRef = 87CCDD73286762130057577D /* LogInViewController.swift */; };
		87D4262C2870F5040096C7D7 /* FeedViewController.swift in Sources */ = {isa = PBXBuildFile; fileRef = 87D4262B2870F5040096C7D7 /* FeedViewController.swift */; };
/* End PBXBuildFile section */

/* Begin PBXFileReference section */
		872048F32856425B0034182A /* Navigation 2.1.app */ = {isa = PBXFileReference; explicitFileType = wrapper.application; includeInIndex = 0; path = "Navigation 2.1.app"; sourceTree = BUILT_PRODUCTS_DIR; };
		872048F62856425B0034182A /* AppDelegate.swift */ = {isa = PBXFileReference; lastKnownFileType = sourcecode.swift; path = AppDelegate.swift; sourceTree = "<group>"; };
		872048F82856425B0034182A /* SceneDelegate.swift */ = {isa = PBXFileReference; lastKnownFileType = sourcecode.swift; path = SceneDelegate.swift; sourceTree = "<group>"; };
		872048FF2856425E0034182A /* Assets.xcassets */ = {isa = PBXFileReference; lastKnownFileType = folder.assetcatalog; path = Assets.xcassets; sourceTree = "<group>"; };
		872049022856425E0034182A /* Base */ = {isa = PBXFileReference; lastKnownFileType = file.storyboard; name = Base; path = Base.lproj/LaunchScreen.storyboard; sourceTree = "<group>"; };
		872049042856425E0034182A /* Info.plist */ = {isa = PBXFileReference; lastKnownFileType = text.plist.xml; path = Info.plist; sourceTree = "<group>"; };
		8720490B285644860034182A /* ProfileTableHederView.swift */ = {isa = PBXFileReference; lastKnownFileType = sourcecode.swift; path = ProfileTableHederView.swift; sourceTree = "<group>"; };
		8720490D2856451B0034182A /* ProfileViewController.swift */ = {isa = PBXFileReference; lastKnownFileType = sourcecode.swift; path = ProfileViewController.swift; sourceTree = "<group>"; };
		877147AB2875EF1500644E93 /* PostTableViewCell.swift */ = {isa = PBXFileReference; lastKnownFileType = sourcecode.swift; path = PostTableViewCell.swift; sourceTree = "<group>"; };
		877147AD28762EFE00644E93 /* Post.swift */ = {isa = PBXFileReference; lastKnownFileType = sourcecode.swift; name = Post.swift; path = "Navigation 2.1/Post/Post.swift"; sourceTree = SOURCE_ROOT; };
		877147AF2877662000644E93 /* DataBase.swift */ = {isa = PBXFileReference; lastKnownFileType = sourcecode.swift; path = DataBase.swift; sourceTree = "<group>"; };
		87AF8124285DC48D0069056C /* PostViewController.swift */ = {isa = PBXFileReference; lastKnownFileType = sourcecode.swift; path = PostViewController.swift; sourceTree = "<group>"; };
		87CCDD73286762130057577D /* LogInViewController.swift */ = {isa = PBXFileReference; lastKnownFileType = sourcecode.swift; path = LogInViewController.swift; sourceTree = "<group>"; };
		87D4262B2870F5040096C7D7 /* FeedViewController.swift */ = {isa = PBXFileReference; lastKnownFileType = sourcecode.swift; name = FeedViewController.swift; path = "Navigation 2.1/Feed/FeedViewController.swift"; sourceTree = SOURCE_ROOT; };
/* End PBXFileReference section */

/* Begin PBXFrameworksBuildPhase section */
		872048F02856425B0034182A /* Frameworks */ = {
			isa = PBXFrameworksBuildPhase;
			buildActionMask = 2147483647;
			files = (
			);
			runOnlyForDeploymentPostprocessing = 0;
		};
/* End PBXFrameworksBuildPhase section */

/* Begin PBXGroup section */
		872048EA2856425B0034182A = {
			isa = PBXGroup;
			children = (
				872048F52856425B0034182A /* Navigation 2.1 */,
				872048F42856425B0034182A /* Products */,
			);
			sourceTree = "<group>";
		};
		872048F42856425B0034182A /* Products */ = {
			isa = PBXGroup;
			children = (
				872048F32856425B0034182A /* Navigation 2.1.app */,
			);
			name = Products;
			sourceTree = "<group>";
		};
		872048F52856425B0034182A /* Navigation 2.1 */ = {
			isa = PBXGroup;
			children = (
				87B266412872227C00F46E91 /* Feed */,
				87CCDD78286764A60057577D /* Post */,
				8720490A285644410034182A /* Profile */,
				872048F62856425B0034182A /* AppDelegate.swift */,
				872048F82856425B0034182A /* SceneDelegate.swift */,
				872048FF2856425E0034182A /* Assets.xcassets */,
				872049012856425E0034182A /* LaunchScreen.storyboard */,
				872049042856425E0034182A /* Info.plist */,
			);
			path = "Navigation 2.1";
			sourceTree = "<group>";
		};
		8720490A285644410034182A /* Profile */ = {
			isa = PBXGroup;
			children = (
				8720490B285644860034182A /* ProfileTableHederView.swift */,
				877147AB2875EF1500644E93 /* PostTableViewCell.swift */,
				8720490D2856451B0034182A /* ProfileViewController.swift */,
				87CCDD73286762130057577D /* LogInViewController.swift */,
			);
			path = Profile;
			sourceTree = "<group>";
		};
		87B266412872227C00F46E91 /* Feed */ = {
			isa = PBXGroup;
			children = (
				87D4262B2870F5040096C7D7 /* FeedViewController.swift */,
			);
			path = Feed;
			sourceTree = "<group>";
		};
		87CCDD78286764A60057577D /* Post */ = {
			isa = PBXGroup;
			children = (
				87AF8124285DC48D0069056C /* PostViewController.swift */,
				877147AD28762EFE00644E93 /* Post.swift */,
				877147AF2877662000644E93 /* DataBase.swift */,
			);
			path = Post;
			sourceTree = "<group>";
		};
/* End PBXGroup section */

/* Begin PBXNativeTarget section */
		872048F22856425B0034182A /* Navigation 2.1 */ = {
			isa = PBXNativeTarget;
			buildConfigurationList = 872049072856425E0034182A /* Build configuration list for PBXNativeTarget "Navigation 2.1" */;
			buildPhases = (
				872048EF2856425B0034182A /* Sources */,
				872048F02856425B0034182A /* Frameworks */,
				872048F12856425B0034182A /* Resources */,
			);
			buildRules = (
			);
			dependencies = (
			);
			name = "Navigation 2.1";
			productName = "Navigation 2.1";
			productReference = 872048F32856425B0034182A /* Navigation 2.1.app */;
			productType = "com.apple.product-type.application";
		};
/* End PBXNativeTarget section */

/* Begin PBXProject section */
		872048EB2856425B0034182A /* Project object */ = {
			isa = PBXProject;
			attributes = {
				BuildIndependentTargetsInParallel = 1;
				LastSwiftUpdateCheck = 1340;
				LastUpgradeCheck = 1340;
				TargetAttributes = {
					872048F22856425B0034182A = {
						CreatedOnToolsVersion = 13.4;
					};
				};
			};
			buildConfigurationList = 872048EE2856425B0034182A /* Build configuration list for PBXProject "Navigation 2.1" */;
			compatibilityVersion = "Xcode 13.0";
			developmentRegion = en;
			hasScannedForEncodings = 0;
			knownRegions = (
				en,
				Base,
			);
			mainGroup = 872048EA2856425B0034182A;
			productRefGroup = 872048F42856425B0034182A /* Products */;
			projectDirPath = "";
			projectRoot = "";
			targets = (
				872048F22856425B0034182A /* Navigation 2.1 */,
			);
		};
/* End PBXProject section */

/* Begin PBXResourcesBuildPhase section */
		872048F12856425B0034182A /* Resources */ = {
			isa = PBXResourcesBuildPhase;
			buildActionMask = 2147483647;
			files = (
				872049032856425E0034182A /* LaunchScreen.storyboard in Resources */,
				872049002856425E0034182A /* Assets.xcassets in Resources */,
			);
			runOnlyForDeploymentPostprocessing = 0;
		};
/* End PBXResourcesBuildPhase section */

/* Begin PBXSourcesBuildPhase section */
		872048EF2856425B0034182A /* Sources */ = {
			isa = PBXSourcesBuildPhase;
			buildActionMask = 2147483647;
			files = (
				877147B02877662000644E93 /* DataBase.swift in Sources */,
				872048F72856425B0034182A /* AppDelegate.swift in Sources */,
				8720490E2856451B0034182A /* ProfileViewController.swift in Sources */,
				87CCDD74286762130057577D /* LogInViewController.swift in Sources */,
				877147AC2875EF1500644E93 /* PostTableViewCell.swift in Sources */,
				872048F92856425B0034182A /* SceneDelegate.swift in Sources */,
				8720490C285644860034182A /* ProfileTableHederView.swift in Sources */,
				877147AE28762EFE00644E93 /* Post.swift in Sources */,
				87AF8125285DC48D0069056C /* PostViewController.swift in Sources */,
				87D4262C2870F5040096C7D7 /* FeedViewController.swift in Sources */,
			);
			runOnlyForDeploymentPostprocessing = 0;
		};
/* End PBXSourcesBuildPhase section */

/* Begin PBXVariantGroup section */
		872049012856425E0034182A /* LaunchScreen.storyboard */ = {
			isa = PBXVariantGroup;
			children = (
				872049022856425E0034182A /* Base */,
			);
			name = LaunchScreen.storyboard;
			sourceTree = "<group>";
		};
/* End PBXVariantGroup section */

/* Begin XCBuildConfiguration section */
		872049052856425E0034182A /* Debug */ = {
			isa = XCBuildConfiguration;
			buildSettings = {
				ALWAYS_SEARCH_USER_PATHS = NO;
				ASSETCATALOG_COMPILER_GLOBAL_ACCENT_COLOR_NAME = "";
				CLANG_ANALYZER_NONNULL = YES;
				CLANG_ANALYZER_NUMBER_OBJECT_CONVERSION = YES_AGGRESSIVE;
				CLANG_CXX_LANGUAGE_STANDARD = "gnu++17";
				CLANG_ENABLE_MODULES = YES;
				CLANG_ENABLE_OBJC_ARC = YES;
				CLANG_ENABLE_OBJC_WEAK = YES;
				CLANG_WARN_BLOCK_CAPTURE_AUTORELEASING = YES;
				CLANG_WARN_BOOL_CONVERSION = YES;
				CLANG_WARN_COMMA = YES;
				CLANG_WARN_CONSTANT_CONVERSION = YES;
				CLANG_WARN_DEPRECATED_OBJC_IMPLEMENTATIONS = YES;
				CLANG_WARN_DIRECT_OBJC_ISA_USAGE = YES_ERROR;
				CLANG_WARN_DOCUMENTATION_COMMENTS = YES;
				CLANG_WARN_EMPTY_BODY = YES;
				CLANG_WARN_ENUM_CONVERSION = YES;
				CLANG_WARN_INFINITE_RECURSION = YES;
				CLANG_WARN_INT_CONVERSION = YES;
				CLANG_WARN_NON_LITERAL_NULL_CONVERSION = YES;
				CLANG_WARN_OBJC_IMPLICIT_RETAIN_SELF = YES;
				CLANG_WARN_OBJC_LITERAL_CONVERSION = YES;
				CLANG_WARN_OBJC_ROOT_CLASS = YES_ERROR;
				CLANG_WARN_QUOTED_INCLUDE_IN_FRAMEWORK_HEADER = YES;
				CLANG_WARN_RANGE_LOOP_ANALYSIS = YES;
				CLANG_WARN_STRICT_PROTOTYPES = YES;
				CLANG_WARN_SUSPICIOUS_MOVE = YES;
				CLANG_WARN_UNGUARDED_AVAILABILITY = YES_AGGRESSIVE;
				CLANG_WARN_UNREACHABLE_CODE = YES;
				CLANG_WARN__DUPLICATE_METHOD_MATCH = YES;
				COPY_PHASE_STRIP = NO;
				DEBUG_INFORMATION_FORMAT = dwarf;
				ENABLE_STRICT_OBJC_MSGSEND = YES;
				ENABLE_TESTABILITY = YES;
				GCC_C_LANGUAGE_STANDARD = gnu11;
				GCC_DYNAMIC_NO_PIC = NO;
				GCC_NO_COMMON_BLOCKS = YES;
				GCC_OPTIMIZATION_LEVEL = 0;
				GCC_PREPROCESSOR_DEFINITIONS = (
					"DEBUG=1",
					"$(inherited)",
				);
				GCC_WARN_64_TO_32_BIT_CONVERSION = YES;
				GCC_WARN_ABOUT_RETURN_TYPE = YES_ERROR;
				GCC_WARN_UNDECLARED_SELECTOR = YES;
				GCC_WARN_UNINITIALIZED_AUTOS = YES_AGGRESSIVE;
				GCC_WARN_UNUSED_FUNCTION = YES;
				GCC_WARN_UNUSED_VARIABLE = YES;
				IPHONEOS_DEPLOYMENT_TARGET = 15.5;
				MTL_ENABLE_DEBUG_INFO = INCLUDE_SOURCE;
				MTL_FAST_MATH = YES;
				ONLY_ACTIVE_ARCH = YES;
				SDKROOT = iphoneos;
				SWIFT_ACTIVE_COMPILATION_CONDITIONS = DEBUG;
				SWIFT_OPTIMIZATION_LEVEL = "-Onone";
			};
			name = Debug;
		};
		872049062856425E0034182A /* Release */ = {
			isa = XCBuildConfiguration;
			buildSettings = {
				ALWAYS_SEARCH_USER_PATHS = NO;
				ASSETCATALOG_COMPILER_GLOBAL_ACCENT_COLOR_NAME = "";
				CLANG_ANALYZER_NONNULL = YES;
				CLANG_ANALYZER_NUMBER_OBJECT_CONVERSION = YES_AGGRESSIVE;
				CLANG_CXX_LANGUAGE_STANDARD = "gnu++17";
				CLANG_ENABLE_MODULES = YES;
				CLANG_ENABLE_OBJC_ARC = YES;
				CLANG_ENABLE_OBJC_WEAK = YES;
				CLANG_WARN_BLOCK_CAPTURE_AUTORELEASING = YES;
				CLANG_WARN_BOOL_CONVERSION = YES;
				CLANG_WARN_COMMA = YES;
				CLANG_WARN_CONSTANT_CONVERSION = YES;
				CLANG_WARN_DEPRECATED_OBJC_IMPLEMENTATIONS = YES;
				CLANG_WARN_DIRECT_OBJC_ISA_USAGE = YES_ERROR;
				CLANG_WARN_DOCUMENTATION_COMMENTS = YES;
				CLANG_WARN_EMPTY_BODY = YES;
				CLANG_WARN_ENUM_CONVERSION = YES;
				CLANG_WARN_INFINITE_RECURSION = YES;
				CLANG_WARN_INT_CONVERSION = YES;
				CLANG_WARN_NON_LITERAL_NULL_CONVERSION = YES;
				CLANG_WARN_OBJC_IMPLICIT_RETAIN_SELF = YES;
				CLANG_WARN_OBJC_LITERAL_CONVERSION = YES;
				CLANG_WARN_OBJC_ROOT_CLASS = YES_ERROR;
				CLANG_WARN_QUOTED_INCLUDE_IN_FRAMEWORK_HEADER = YES;
				CLANG_WARN_RANGE_LOOP_ANALYSIS = YES;
				CLANG_WARN_STRICT_PROTOTYPES = YES;
				CLANG_WARN_SUSPICIOUS_MOVE = YES;
				CLANG_WARN_UNGUARDED_AVAILABILITY = YES_AGGRESSIVE;
				CLANG_WARN_UNREACHABLE_CODE = YES;
				CLANG_WARN__DUPLICATE_METHOD_MATCH = YES;
				COPY_PHASE_STRIP = NO;
				DEBUG_INFORMATION_FORMAT = "dwarf-with-dsym";
				ENABLE_NS_ASSERTIONS = NO;
				ENABLE_STRICT_OBJC_MSGSEND = YES;
				GCC_C_LANGUAGE_STANDARD = gnu11;
				GCC_NO_COMMON_BLOCKS = YES;
				GCC_WARN_64_TO_32_BIT_CONVERSION = YES;
				GCC_WARN_ABOUT_RETURN_TYPE = YES_ERROR;
				GCC_WARN_UNDECLARED_SELECTOR = YES;
				GCC_WARN_UNINITIALIZED_AUTOS = YES_AGGRESSIVE;
				GCC_WARN_UNUSED_FUNCTION = YES;
				GCC_WARN_UNUSED_VARIABLE = YES;
				IPHONEOS_DEPLOYMENT_TARGET = 15.5;
				MTL_ENABLE_DEBUG_INFO = NO;
				MTL_FAST_MATH = YES;
				SDKROOT = iphoneos;
				SWIFT_COMPILATION_MODE = wholemodule;
				SWIFT_OPTIMIZATION_LEVEL = "-O";
				VALIDATE_PRODUCT = YES;
			};
			name = Release;
		};
		872049082856425E0034182A /* Debug */ = {
			isa = XCBuildConfiguration;
			buildSettings = {
				ASSETCATALOG_COMPILER_APPICON_NAME = AppIcon;
				ASSETCATALOG_COMPILER_GLOBAL_ACCENT_COLOR_NAME = AccentColor;
				CODE_SIGN_STYLE = Automatic;
				CURRENT_PROJECT_VERSION = 1;
				DEVELOPMENT_TEAM = 2VA69ZBS38;
				GENERATE_INFOPLIST_FILE = YES;
				INFOPLIST_FILE = "Navigation 2.1/Info.plist";
				INFOPLIST_KEY_UIApplicationSupportsIndirectInputEvents = YES;
				INFOPLIST_KEY_UILaunchStoryboardName = LaunchScreen;
				INFOPLIST_KEY_UISupportedInterfaceOrientations_iPad = "UIInterfaceOrientationPortrait UIInterfaceOrientationPortraitUpsideDown UIInterfaceOrientationLandscapeLeft UIInterfaceOrientationLandscapeRight";
				INFOPLIST_KEY_UISupportedInterfaceOrientations_iPhone = "UIInterfaceOrientationPortrait UIInterfaceOrientationLandscapeLeft UIInterfaceOrientationLandscapeRight";
				LD_RUNPATH_SEARCH_PATHS = (
					"$(inherited)",
					"@executable_path/Frameworks",
				);
				MARKETING_VERSION = 1.0;
				PRODUCT_BUNDLE_IDENTIFIER = "harryhole13.Navigation-2-1";
				PRODUCT_NAME = "$(TARGET_NAME)";
				SWIFT_EMIT_LOC_STRINGS = YES;
				SWIFT_VERSION = 5.0;
				TARGETED_DEVICE_FAMILY = "1,2";
			};
			name = Debug;
		};
		872049092856425E0034182A /* Release */ = {
			isa = XCBuildConfiguration;
			buildSettings = {
				ASSETCATALOG_COMPILER_APPICON_NAME = AppIcon;
				ASSETCATALOG_COMPILER_GLOBAL_ACCENT_COLOR_NAME = AccentColor;
				CODE_SIGN_STYLE = Automatic;
				CURRENT_PROJECT_VERSION = 1;
				DEVELOPMENT_TEAM = 2VA69ZBS38;
				GENERATE_INFOPLIST_FILE = YES;
				INFOPLIST_FILE = "Navigation 2.1/Info.plist";
				INFOPLIST_KEY_UIApplicationSupportsIndirectInputEvents = YES;
				INFOPLIST_KEY_UILaunchStoryboardName = LaunchScreen;
				INFOPLIST_KEY_UISupportedInterfaceOrientations_iPad = "UIInterfaceOrientationPortrait UIInterfaceOrientationPortraitUpsideDown UIInterfaceOrientationLandscapeLeft UIInterfaceOrientationLandscapeRight";
				INFOPLIST_KEY_UISupportedInterfaceOrientations_iPhone = "UIInterfaceOrientationPortrait UIInterfaceOrientationLandscapeLeft UIInterfaceOrientationLandscapeRight";
				LD_RUNPATH_SEARCH_PATHS = (
					"$(inherited)",
					"@executable_path/Frameworks",
				);
				MARKETING_VERSION = 1.0;
				PRODUCT_BUNDLE_IDENTIFIER = "harryhole13.Navigation-2-1";
				PRODUCT_NAME = "$(TARGET_NAME)";
				SWIFT_EMIT_LOC_STRINGS = YES;
				SWIFT_VERSION = 5.0;
				TARGETED_DEVICE_FAMILY = "1,2";
			};
			name = Release;
		};
/* End XCBuildConfiguration section */

/* Begin XCConfigurationList section */
		872048EE2856425B0034182A /* Build configuration list for PBXProject "Navigation 2.1" */ = {
			isa = XCConfigurationList;
			buildConfigurations = (
				872049052856425E0034182A /* Debug */,
				872049062856425E0034182A /* Release */,
			);
			defaultConfigurationIsVisible = 0;
			defaultConfigurationName = Release;
		};
		872049072856425E0034182A /* Build configuration list for PBXNativeTarget "Navigation 2.1" */ = {
			isa = XCConfigurationList;
			buildConfigurations = (
				872049082856425E0034182A /* Debug */,
				872049092856425E0034182A /* Release */,
			);
			defaultConfigurationIsVisible = 0;
			defaultConfigurationName = Release;
		};
/* End XCConfigurationList section */
	};
	rootObject = 872048EB2856425B0034182A /* Project object */;
}
